
Microsoft Visual Studio Solution File, Format Version 12.00
Project("{FAE04EC0-301F-11D3-BF4B-00C04F79EFBC}") = "Nexport", "Nexport\Nexport.csproj", "{380EBFA3-3C7F-4920-8DB0-0B669B97C71E}"
EndProject
Project("{FAE04EC0-301F-11D3-BF4B-00C04F79EFBC}") = "Nexport.Tests", "Nexport.Tests\Nexport.Tests.csproj", "{305AA248-F663-4874-A153-6E88EFB75CD8}"
EndProject
Global
	GlobalSection(SolutionConfigurationPlatforms) = preSolution
		Debug|Any CPU = Debug|Any CPU
		Release|Any CPU = Release|Any CPU
	EndGlobalSection
	GlobalSection(ProjectConfigurationPlatforms) = postSolution
		{380EBFA3-3C7F-4920-8DB0-0B669B97C71E}.Debug|Any CPU.ActiveCfg = Debug|Any CPU
		{380EBFA3-3C7F-4920-8DB0-0B669B97C71E}.Debug|Any CPU.Build.0 = Debug|Any CPU
		{380EBFA3-3C7F-4920-8DB0-0B669B97C71E}.Release|Any CPU.ActiveCfg = Release|Any CPU
		{380EBFA3-3C7F-4920-8DB0-0B669B97C71E}.Release|Any CPU.Build.0 = Release|Any CPU
		{305AA248-F663-4874-A153-6E88EFB75CD8}.Debug|Any CPU.ActiveCfg = Debug|Any CPU
		{305AA248-F663-4874-A153-6E88EFB75CD8}.Debug|Any CPU.Build.0 = Debug|Any CPU
		{305AA248-F663-4874-A153-6E88EFB75CD8}.Release|Any CPU.ActiveCfg = Release|Any CPU
		{305AA248-F663-4874-A153-6E88EFB75CD8}.Release|Any CPU.Build.0 = Release|Any CPU
	EndGlobalSection
EndGlobal
